github.com/adshao/go-binance/v2 v2.4.2 h1:NBNMUyXrci45v3sr0RkZosiBYSw1/yuqCrJNkyEM8U0=
github.com/adshao/go-binance/v2 v2.4.2/go.mod h1:41Up2dG4NfMXpCldrDPETEtiOq+pHoGsFZ73xGgaumo=
github.com/bitly/go-simplejson v0.5.0 h1:6IH+V8/tVMab511d5bn4M7EwGXZf9Hj6i2xSwkNEM+Y=
github.com/bitly/go-simplejson v0.5.0/go.mod h1:cXHtHw4XUPsvGaxgjIAn8PhEWG9NfngEKAMDJEczWVA=
github.com/bmizerany/assert v0.0.0-20160611221934-b7ed37b82869 h1:DDGfHa7BWjL4YnC6+E63dPcxHo2sUxDIu8g3QgEJdRY=
github.com/chaosknight/go-binance/v2 v2.0.0-20230505030410-442738b989c2 h1:GW0K1rqBlClMN+slG+8CvCvtkOq1P3wICFaAXRVZgJ8=
github.com/chaosknight/go-binance/v2 v2.0.0-20230505030410-442738b989c2/go.mod h1:VPNltMVvnec+H2C47SziEqGPcqgEuvOBclteftObgIQ=
github.com/chaosknight/go-binance/v2 v2.0.0-20230505033709-35e5cadda630 h1:WqJX6kjnDko6Lw/9GCPKATmbjK36Z8kTdPm2VckkVH4=
github.com/chaosknight/go-binance/v2 v2.0.0-20230505033709-35e5cadda630/go.mod h1:VPNltMVvnec+H2C47SziEqGPcqgEuvOBclteftObgIQ=
github.com/chaosknight/go-binance/v2 v2.0.0-20230505074606-55f61111605b h1:XpHw2i/vsfbyMZn+m6oxuIU0Pqk4BPLQFtgQlg16qFw=
github.com/chaosknight/go-binance/v2 v2.0.0-20230505074606-55f61111605b/go.mod h1:VPNltMVvnec+H2C47SziEqGPcqgEuvOBclteftObgIQ=
github.com/chaosknight/go-binance/v2 v2.0.0-20230513024516-e50cef7d3b54 h1:RXBeF3axuR5S+KgWyZkdhCZaSPPUQ8d2sl3u1h7lXyw=
github.com/chaosknight/go-binance/v2 v2.0.0-20230513024516-e50cef7d3b54/go.mod h1:VPNltMVvnec+H2C47SziEqGPcqgEuvOBclteftObgIQ=
github.com/chaosknight/skynet v0.0.0-20230419073225-a6c5134aabaf h1:f/rZs5eW5ZEWdkrenjtGcAW/uej4MHl0vSZ1J8zIt2E=
github.com/chaosknight/skynet v0.0.0-20230419073225-a6c5134aabaf/go.mod h1:B/ZffE72bzeSz5gOBXP22wHZIQqmTwdVzixhVZoekjE=
github.com/creack/pty v1.1.9/go.mod h1:oKZEueFk5CKHvIhNR5MUki03XCEU+Q6VDXinZuGJ33E=
github.com/davecgh/go-spew v1.1.1 h1:vj9j/u1bqnvCEfJOwUhtlOARqs3+rkHYY13jYWTU97c=
github.com/gorilla/websocket v1.5.0 h1:PPwGk2jz7EePpoHN/+ClbZu8SPxiqlu12wZP/3sWmnc=
github.com/gorilla/websocket v1.5.0/go.mod h1:YR8l580nyteQvAITg2hZ9XVh4b55+EU/adAjf1fMHhE=
github.com/kr/pretty v0.2.0 h1:s5hAObm+yFO5uHYt5dYjxi2rXrsnmRpJx4OYvIWUaQs=
github.com/kr/text v0.2.0 h1:5Nx0Ya0ZqY2ygV366QzturHI13Jq95ApcVaJBhpS+AY=
github.com/kr/text v0.2.0/go.mod h1:eLer722TekiGuMkidMxC/pM04lWEeraHUUmBw8l2grE=
github.com/pmezard/go-difflib v1.0.0 h1:4DBwDE0NGyQoBHbLQYPwSUPoCMWR5BEzIk/f1lZbAQM=
github.com/stretchr/objx v0.5.0 h1:1zr/of2m5FGMsad5YfcqgdqdWrIhu+EBEJRhR1U7z/c=
github.com/stretchr/testify v1.8.1 h1:w7B6lhMri9wdJUVmEZPGGhZzrYTPvgJArz7wNPgYKsk=
gopkg.in/yaml.v3 v3.0.1 h1:fxVm/GzAzEWqLHuvctI91KS9hhNmmWOoWu0XTYJS7CA=
